#MicroXplorer Configuration settings - do not modify
FREERTOS.FootprintOK=true
FREERTOS.IPParameters=Tasks01,FootprintOK,configUSE_NEWLIB_REENTRANT
FREERTOS.Tasks01=measureTask,32,160,startMeasureTask,As weak,NULL,Static,measureTaskBuffer,measureTaskControlBlock;nRF24Tsk,24,164,startnRF24Task,As external,NULL,Static,nRF24TaskBuffer,nRF24TaskControlBlock;displayTask,8,128,startDisplayTask,As external,NULL,Static,displayTaskBuffer,displayTaskControlBlock;masterSerialTas,8,160,startMasterSerialTask,As external,NULL,Static,masterSerialTasBuffer,masterSerialTasControlBlock
FREERTOS.configUSE_NEWLIB_REENTRANT=1
File.Version=6
GPIO.groupedBy=Show All
I2C1.I2C_Mode=I2C_Fast
I2C1.IPParameters=I2C_Mode
I2C2.ClockSpeed=100000
I2C2.I2C_Mode=I2C_Fast
I2C2.IPParameters=I2C_Mode,ClockSpeed
KeepUserPlacement=false
Mcu.Family=STM32F4
Mcu.IP0=CRC
Mcu.IP1=FREERTOS
Mcu.IP10=TIM2
Mcu.IP11=USART1
Mcu.IP12=USART2
Mcu.IP2=I2C1
Mcu.IP3=I2C2
Mcu.IP4=NVIC
Mcu.IP5=RCC
Mcu.IP6=SPI1
Mcu.IP7=SPI2
Mcu.IP8=SYS
Mcu.IP9=TIM1
Mcu.IPNb=13
Mcu.Name=STM32F401C(D-E)Ux
Mcu.Package=UFQFPN48
Mcu.Pin0=PC13-ANTI_TAMP
Mcu.Pin1=PC14-OSC32_IN
Mcu.Pin10=PA5
Mcu.Pin11=PA6
Mcu.Pin12=PA7
Mcu.Pin13=PB1
Mcu.Pin14=PB2
Mcu.Pin15=PB10
Mcu.Pin16=PB12
Mcu.Pin17=PB13
Mcu.Pin18=PB14
Mcu.Pin19=PB15
Mcu.Pin2=PC15-OSC32_OUT
Mcu.Pin20=PA8
Mcu.Pin21=PA9
Mcu.Pin22=PA10
Mcu.Pin23=PA11
Mcu.Pin24=PA12
Mcu.Pin25=PA13
Mcu.Pin26=PA14
Mcu.Pin27=PB3
Mcu.Pin28=PB4
Mcu.Pin29=PB5
Mcu.Pin3=PH0 - OSC_IN
Mcu.Pin30=PB6
Mcu.Pin31=PB7
Mcu.Pin32=PB8
Mcu.Pin33=PB9
Mcu.Pin34=VP_CRC_VS_CRC
Mcu.Pin35=VP_FREERTOS_VS_CMSIS_V2
Mcu.Pin36=VP_SYS_VS_tim4
Mcu.Pin37=VP_TIM1_VS_ClockSourceINT
Mcu.Pin38=VP_TIM2_VS_ClockSourceINT
Mcu.Pin4=PH1 - OSC_OUT
Mcu.Pin5=PA0-WKUP
Mcu.Pin6=PA1
Mcu.Pin7=PA2
Mcu.Pin8=PA3
Mcu.Pin9=PA4
Mcu.PinsNb=39
Mcu.ThirdPartyNb=0
Mcu.UserConstants=
Mcu.UserName=STM32F401CEUx
MxCube.Version=6.4.0
MxDb.Version=DB.6.0.40
NVIC.BusFault_IRQn=true\:0\:0\:false\:false\:true\:false\:false\:false
NVIC.DebugMonitor_IRQn=true\:0\:0\:false\:false\:true\:false\:false\:false
NVIC.ForceEnableDMAVector=true
NVIC.HardFault_IRQn=true\:0\:0\:false\:false\:true\:false\:false\:false
NVIC.MemoryManagement_IRQn=true\:0\:0\:false\:false\:true\:false\:false\:false
NVIC.NonMaskableInt_IRQn=true\:0\:0\:false\:false\:true\:false\:false\:false
NVIC.PendSV_IRQn=true\:15\:0\:false\:false\:false\:true\:false\:false
NVIC.PriorityGroup=NVIC_PRIORITYGROUP_4
NVIC.SVCall_IRQn=true\:0\:0\:false\:false\:false\:false\:false\:false
NVIC.SavedPendsvIrqHandlerGenerated=true
NVIC.SavedSvcallIrqHandlerGenerated=true
NVIC.SavedSystickIrqHandlerGenerated=true
NVIC.SysTick_IRQn=true\:15\:0\:false\:false\:false\:true\:false\:true
NVIC.TIM4_IRQn=true\:15\:0\:false\:false\:true\:false\:false\:true
NVIC.TimeBase=TIM4_IRQn
NVIC.TimeBaseIP=TIM4
NVIC.UsageFault_IRQn=true\:0\:0\:false\:false\:true\:false\:false\:false
PA0-WKUP.GPIOParameters=GPIO_Label,GPIO_ModeDefaultEXTI
PA0-WKUP.GPIO_Label=NRF_IRQ
PA0-WKUP.GPIO_ModeDefaultEXTI=GPIO_MODE_IT_FALLING
PA0-WKUP.Locked=true
PA0-WKUP.Signal=GPXTI0
PA1.GPIOParameters=GPIO_Label
PA1.GPIO_Label=NRF_CE
PA1.Locked=true
PA1.Signal=GPIO_Output
PA10.Mode=Asynchronous
PA10.Signal=USART1_RX
PA11.GPIOParameters=GPIO_Label
PA11.GPIO_Label=LCD_BCKLT
PA11.Locked=true
PA11.Signal=GPIO_Output
PA12.GPIOParameters=GPIO_PuPd,GPIO_Label
PA12.GPIO_Label=BUTTON_1
PA12.GPIO_PuPd=GPIO_PULLUP
PA12.Locked=true
PA12.Signal=GPXTI12
PA13.Mode=Serial_Wire
PA13.Signal=SYS_JTMS-SWDIO
PA14.Mode=Serial_Wire
PA14.Signal=SYS_JTCK-SWCLK
PA2.Mode=Asynchronous
PA2.Signal=USART2_TX
PA3.Mode=Asynchronous
PA3.Signal=USART2_RX
PA4.GPIOParameters=GPIO_Label
PA4.GPIO_Label=NRF_CSN
PA4.Locked=true
PA4.Signal=GPIO_Output
PA5.Mode=Full_Duplex_Master
PA5.Signal=SPI1_SCK
PA6.Mode=Full_Duplex_Master
PA6.Signal=SPI1_MISO
PA7.Mode=Full_Duplex_Master
PA7.Signal=SPI1_MOSI
PA8.GPIOParameters=GPIO_Label
PA8.GPIO_Label=LCD_Reset
PA8.Locked=true
PA8.Signal=GPIO_Output
PA9.Mode=Asynchronous
PA9.Signal=USART1_TX
PB1.GPIOParameters=GPIO_Label
PB1.GPIO_Label=CH2_TX
PB1.Locked=true
PB1.Signal=GPIO_Output
PB10.GPIOParameters=GPIO_Label
PB10.GPIO_Label=BME280_SCL
PB10.Mode=I2C
PB10.Signal=I2C2_SCL
PB12.GPIOParameters=GPIO_Label
PB12.GPIO_Label=LCD_CE
PB12.Locked=true
PB12.Signal=GPIO_Output
PB13.GPIOParameters=GPIO_Label
PB13.GPIO_Label=LCD_SCK
PB13.Mode=TX_Only_Simplex_Unidirect_Master
PB13.Signal=SPI2_SCK
PB14.GPIOParameters=GPIO_Label
PB14.GPIO_Label=LCD_DC
PB14.Locked=true
PB14.Signal=GPIO_Output
PB15.GPIOParameters=GPIO_Label
PB15.GPIO_Label=LCD_MOSI
PB15.Mode=TX_Only_Simplex_Unidirect_Master
PB15.Signal=SPI2_MOSI
PB2.GPIOParameters=GPIO_Label
PB2.GPIO_Label=CH2_RX
PB2.Locked=true
PB2.Signal=GPIO_Input
PB3.GPIOParameters=GPIO_Label
PB3.GPIO_Label=BME280_SDA
PB3.Mode=I2C
PB3.Signal=I2C2_SDA
PB4.GPIOParameters=GPIO_Label
PB4.GPIO_Label=CH1_RX
PB4.Locked=true
PB4.Signal=GPIO_Input
PB5.GPIOParameters=GPIO_Label
PB5.GPIO_Label=CH1_TX
PB5.Locked=true
PB5.Signal=GPIO_Output
PB6.GPIOParameters=GPIO_Label
PB6.GPIO_Label=EEPROM_SCL
PB6.Locked=true
PB6.Mode=I2C
PB6.Signal=I2C1_SCL
PB7.GPIOParameters=GPIO_Label
PB7.GPIO_Label=EEPROM_SDA
PB7.Locked=true
PB7.Mode=I2C
PB7.Signal=I2C1_SDA
PB8.GPIOParameters=GPIO_Label
PB8.GPIO_Label=RELAY_1_
PB8.Locked=true
PB8.Signal=GPIO_Output
PB9.GPIOParameters=GPIO_Label
PB9.GPIO_Label=RELAY_2_
PB9.Locked=true
PB9.Signal=GPIO_Output
PC13-ANTI_TAMP.GPIOParameters=GPIO_Label
PC13-ANTI_TAMP.GPIO_Label=LED
PC13-ANTI_TAMP.Locked=true
PC13-ANTI_TAMP.Signal=GPIO_Output
PC14-OSC32_IN.Mode=LSE-External-Oscillator
PC14-OSC32_IN.Signal=RCC_OSC32_IN
PC15-OSC32_OUT.Mode=LSE-External-Oscillator
PC15-OSC32_OUT.Signal=RCC_OSC32_OUT
PH0\ -\ OSC_IN.Mode=HSE-External-Oscillator
PH0\ -\ OSC_IN.Signal=RCC_OSC_IN
PH1\ -\ OSC_OUT.Mode=HSE-External-Oscillator
PH1\ -\ OSC_OUT.Signal=RCC_OSC_OUT
PinOutPanel.RotationAngle=0
ProjectManager.AskForMigrate=true
ProjectManager.BackupPrevious=false
ProjectManager.CompilerOptimize=6
ProjectManager.ComputerToolchain=false
ProjectManager.CoupleFile=false
ProjectManager.CustomerFirmwarePackage=
ProjectManager.DefaultFWLocation=true
ProjectManager.DeletePrevious=true
ProjectManager.DeviceId=STM32F401CEUx
ProjectManager.FirmwarePackage=STM32Cube FW_F4 V1.26.2
ProjectManager.FreePins=false
ProjectManager.HalAssertFull=false
ProjectManager.HeapSize=0x200
ProjectManager.KeepUserCode=true
ProjectManager.LastFirmware=true
ProjectManager.LibraryCopy=0
ProjectManager.MainLocation=Core/Src
ProjectManager.NoMain=false
ProjectManager.PreviousToolchain=
ProjectManager.ProjectBuild=false
ProjectManager.ProjectFileName=F401CEU6.ioc
ProjectManager.ProjectName=F401CEU6
ProjectManager.RegisterCallBack=
ProjectManager.StackSize=0x400
ProjectManager.TargetToolchain=EWARM V8.32
ProjectManager.ToolChainLocation=
ProjectManager.UnderRoot=false
ProjectManager.functionlistsort=1-MX_GPIO_Init-GPIO-false-HAL-true,2-SystemClock_Config-RCC-false-HAL-false,3-MX_CRC_Init-CRC-false-HAL-true,4-MX_I2C1_Init-I2C1-false-HAL-true,5-MX_I2C2_Init-I2C2-false-HAL-true,6-MX_SPI1_Init-SPI1-false-HAL-true,7-MX_SPI2_Init-SPI2-false-HAL-true,8-MX_TIM1_Init-TIM1-false-HAL-true,9-MX_TIM2_Init-TIM2-false-HAL-true,10-MX_USART1_UART_Init-USART1-false-HAL-true,11-MX_USART2_UART_Init-USART2-false-HAL-true
RCC.48MHZClocksFreq_Value=41666666.666666664
RCC.AHBFreq_Value=83333333.33333333
RCC.APB1CLKDivider=RCC_HCLK_DIV2
RCC.APB1Freq_Value=41666666.666666664
RCC.APB1TimFreq_Value=83333333.33333333
RCC.APB2Freq_Value=83333333.33333333
RCC.APB2TimFreq_Value=83333333.33333333
RCC.CortexFreq_Value=83333333.33333333
RCC.FCLKCortexFreq_Value=83333333.33333333
RCC.HCLKFreq_Value=83333333.33333333
RCC.HSE_VALUE=25000000
RCC.HSI_VALUE=16000000
RCC.I2SClocksFreq_Value=200000000
RCC.IPParameters=48MHZClocksFreq_Value,AHBFreq_Value,APB1CLKDivider,APB1Freq_Value,APB1TimFreq_Value,APB2Freq_Value,APB2TimFreq_Value,CortexFreq_Value,FCLKCortexFreq_Value,HCLKFreq_Value,HSE_VALUE,HSI_VALUE,I2SClocksFreq_Value,LSI_VALUE,PLLCLKFreq_Value,PLLM,PLLN,PLLQCLKFreq_Value,PLLSourceVirtual,RCC_RTC_Clock_Source,RTCFreq_Value,RTCHSEDivFreq_Value,SYSCLKFreq_VALUE,SYSCLKSource,VCOI2SOutputFreq_Value,VCOInputFreq_Value,VCOOutputFreq_Value,VcooutputI2S
RCC.LSI_VALUE=32000
RCC.PLLCLKFreq_Value=83333333.33333333
RCC.PLLM=12
RCC.PLLN=80
RCC.PLLQCLKFreq_Value=41666666.666666664
RCC.PLLSourceVirtual=RCC_PLLSOURCE_HSE
RCC.RCC_RTC_Clock_Source=RCC_RTCCLKSOURCE_LSE
RCC.RTCFreq_Value=32768
RCC.RTCHSEDivFreq_Value=12500000
RCC.SYSCLKFreq_VALUE=83333333.33333333
RCC.SYSCLKSource=RCC_SYSCLKSOURCE_PLLCLK
RCC.VCOI2SOutputFreq_Value=400000000
RCC.VCOInputFreq_Value=2083333.3333333333
RCC.VCOOutputFreq_Value=166666666.66666666
RCC.VcooutputI2S=200000000
SH.GPXTI0.0=GPIO_EXTI0
SH.GPXTI0.ConfNb=1
SH.GPXTI12.0=GPIO_EXTI12
SH.GPXTI12.ConfNb=1
SPI1.BaudRatePrescaler=SPI_BAUDRATEPRESCALER_4
SPI1.Direction=SPI_DIRECTION_2LINES
SPI1.IPParameters=VirtualType,Mode,Direction,BaudRatePrescaler
SPI1.Mode=SPI_MODE_MASTER
SPI1.VirtualType=VM_MASTER
SPI2.BaudRatePrescaler=SPI_BAUDRATEPRESCALER_4
SPI2.Direction=SPI_DIRECTION_2LINES
SPI2.IPParameters=VirtualType,Mode,Direction,BaudRatePrescaler
SPI2.Mode=SPI_MODE_MASTER
SPI2.VirtualType=VM_MASTER
TIM1.IPParameters=Prescaler
TIM1.Prescaler=71
TIM2.IPParameters=Prescaler
TIM2.Prescaler=71
USART1.IPParameters=VirtualMode
USART1.VirtualMode=VM_ASYNC
USART2.IPParameters=VirtualMode
USART2.VirtualMode=VM_ASYNC
VP_CRC_VS_CRC.Mode=CRC_Activate
VP_CRC_VS_CRC.Signal=CRC_VS_CRC
VP_FREERTOS_VS_CMSIS_V2.Mode=CMSIS_V2
VP_FREERTOS_VS_CMSIS_V2.Signal=FREERTOS_VS_CMSIS_V2
VP_SYS_VS_tim4.Mode=TIM4
VP_SYS_VS_tim4.Signal=SYS_VS_tim4
VP_TIM1_VS_ClockSourceINT.Mode=Internal
VP_TIM1_VS_ClockSourceINT.Signal=TIM1_VS_ClockSourceINT
VP_TIM2_VS_ClockSourceINT.Mode=Internal
VP_TIM2_VS_ClockSourceINT.Signal=TIM2_VS_ClockSourceINT
board=custom
